{
  "name": "@hanzo/dev",
  "version": "0.6.102",
  "lockfileVersion": 3,
  "packages": {
    "": {
      "name": "@hanzo/dev",
      "version": "0.6.102",
      "license": "Apache-2.0",
      "bin": {
        "codex": "bin/codex.js"
      },
      "engines": {
        "node": ">=16"
      }
    }
  }
}
